
Microsoft Visual Studio Solution File, Format Version 12.00
# Visual Studio Version 16
VisualStudioVersion = 16.0.31729.503
MinimumVisualStudioVersion = 10.0.40219.1
Project("{FAE04EC0-301F-11D3-BF4B-00C04F79EFBC}") = "Cajero con clases", "Cajero con clases\Cajero con clases.csproj", "{F03EA78E-1550-489F-B35F-49B1553E28E3}"
EndProject
Global
	GlobalSection(SolutionConfigurationPlatforms) = preSolution
		Debug|Any CPU = Debug|Any CPU
		Release|Any CPU = Release|Any CPU
	EndGlobalSection
	GlobalSection(ProjectConfigurationPlatforms) = postSolution
		{F03EA78E-1550-489F-B35F-49B1553E28E3}.Debug|Any CPU.ActiveCfg = Debug|Any CPU
		{F03EA78E-1550-489F-B35F-49B1553E28E3}.Debug|Any CPU.Build.0 = Debug|Any CPU
		{F03EA78E-1550-489F-B35F-49B1553E28E3}.Release|Any CPU.ActiveCfg = Release|Any CPU
		{F03EA78E-1550-489F-B35F-49B1553E28E3}.Release|Any CPU.Build.0 = Release|Any CPU
	EndGlobalSection
	GlobalSection(SolutionProperties) = preSolution
		HideSolutionNode = FALSE
	EndGlobalSection
	GlobalSection(ExtensibilityGlobals) = postSolution
		SolutionGuid = {1E14A090-6062-41F1-BA5E-4EC0C4ACF6E2}
	EndGlobalSection
EndGlobal
